<?xml version="1.0" encoding="utf-8"?>
<Project ToolsVersion="4.0" xmlns="http://schemas.microsoft.com/developer/msbuild/2003">
  <ItemGroup>
    <Filter Include="Source Files">
      <UniqueIdentifier>{4FC737F1-C7A5-4376-A066-2A32D752A2FF}</UniqueIdentifier>
      <Extensions>cpp;c;cc;cxx;c++;cppm;ixx;def;odl;idl;hpj;bat;asm;asmx</Extensions>
    </Filter>
    <Filter Include="Header Files">
      <UniqueIdentifier>{93995380-89BD-4b04-88EB-625FBE52EBFB}</UniqueIdentifier>
      <Extensions>h;hh;hpp;hxx;h++;hm;inl;inc;ipp;xsd</Extensions>
    </Filter>
    <Filter Include="Resource Files">
      <UniqueIdentifier>{67DA6AB6-F800-4c08-8B7A-83BB121AAD01}</UniqueIdentifier>
      <Extensions>rc;ico;cur;bmp;dlg;rc2;rct;bin;rgs;gif;jpg;jpeg;jpe;resx;tiff;tif;png;wav;mfcribbon-ms</Extensions>
    </Filter>
  </ItemGroup>
  <ItemGroup>
    <ClCompile Include="src\config.cpp">
      <Filter>Source Files</Filter>
    </ClCompile>
    <ClCompile Include="src\main.cpp">
      <Filter>Source Files</Filter>
    </ClCompile>
    <ClCompile Include="src\menu_logic.cpp">
      <Filter>Source Files</Filter>
    </ClCompile>
    <ClCompile Include="src\puzzleBank.cpp">
      <Filter>Source Files</Filter>
    </ClCompile>
    <ClCompile Include="src\shared.cpp">
      <Filter>Source Files</Filter>
    </ClCompile>
    <ClCompile Include="src\sound_logic.cpp">
      <Filter>Source Files</Filter>
    </ClCompile>
    <ClCompile Include="src\sudokuGen.cpp">
      <Filter>Source Files</Filter>
    </ClCompile>
    <ClCompile Include="src\text_objects.cpp">
      <Filter>Source Files</Filter>
    </ClCompile>
    <ClCompile Include="src\transitions.cpp">
      <Filter>Source Files</Filter>
    </ClCompile>
    <ClCompile Include="src\fonts_include\Commodore_Pixelized_v1_2.cpp">
      <Filter>Source Files</Filter>
    </ClCompile>
    <ClCompile Include="src\music_include\addicti.cpp">
      <Filter>Source Files</Filter>
    </ClCompile>
    <ClCompile Include="src\music_include\dgtlnnv2.cpp">
      <Filter>Source Files</Filter>
    </ClCompile>
    <ClCompile Include="src\music_include\electroq.cpp">
      <Filter>Source Files</Filter>
    </ClCompile>
    <ClCompile Include="src\music_include\insomnia.cpp">
      <Filter>Source Files</Filter>
    </ClCompile>
    <ClCompile Include="src\music_include\mainmenu.cpp">
      <Filter>Source Files</Filter>
    </ClCompile>
    <ClCompile Include="src\music_include\ontario.cpp">
      <Filter>Source Files</Filter>
    </ClCompile>
    <ClCompile Include="src\music_include\sudoku_padawan.cpp">
      <Filter>Source Files</Filter>
    </ClCompile>
    <ClCompile Include="src\sfx_include\coin1.cpp">
      <Filter>Source Files</Filter>
    </ClCompile>
    <ClCompile Include="src\game_logic.cpp">
      <Filter>Source Files</Filter>
    </ClCompile>
    <ClCompile Include="src\music_include\ancient_days_.cpp">
      <Filter>Source Files</Filter>
    </ClCompile>
    <ClCompile Include="src\window.cpp">
      <Filter>Source Files</Filter>
    </ClCompile>
    <ClCompile Include="src\sprite_objects.cpp">
      <Filter>Source Files</Filter>
    </ClCompile>
    <ClCompile Include="src\graphics_include\normal_res\grid_mini_bottom_left.cpp">
      <Filter>Source Files</Filter>
    </ClCompile>
    <ClCompile Include="src\graphics_include\normal_res\grid_mini_bottom_right.cpp">
      <Filter>Source Files</Filter>
    </ClCompile>
    <ClCompile Include="src\graphics_include\normal_res\grid_mini_top_left.cpp">
      <Filter>Source Files</Filter>
    </ClCompile>
    <ClCompile Include="src\graphics_include\normal_res\grid_mini_top_right.cpp">
      <Filter>Source Files</Filter>
    </ClCompile>
    <ClCompile Include="src\graphics_include\normal_res\logo_272.cpp">
      <Filter>Source Files</Filter>
    </ClCompile>
    <ClCompile Include="src\graphics_include\normal_res\logo_480.cpp">
      <Filter>Source Files</Filter>
    </ClCompile>
    <ClCompile Include="src\graphics_include\normal_res\logo_544.cpp">
      <Filter>Source Files</Filter>
    </ClCompile>
    <ClCompile Include="src\graphics_include\normal_res\logo_720.cpp">
      <Filter>Source Files</Filter>
    </ClCompile>
    <ClCompile Include="src\graphics_include\normal_res\logo_1080.cpp">
      <Filter>Source Files</Filter>
    </ClCompile>
    <ClCompile Include="src\graphics_include\normal_res\logo_1440.cpp">
      <Filter>Source Files</Filter>
    </ClCompile>
    <ClCompile Include="src\graphics_include\normal_res\logo_2160.cpp">
      <Filter>Source Files</Filter>
    </ClCompile>
    <ClCompile Include="src\graphics_include\all_res\logo_240.cpp">
      <Filter>Source Files</Filter>
    </ClCompile>
    <ClCompile Include="src\graphics_include\all_res\tile_cave.cpp">
      <Filter>Source Files</Filter>
    </ClCompile>
    <ClCompile Include="src\graphics_include\all_res\tile_desert.cpp">
      <Filter>Source Files</Filter>
    </ClCompile>
    <ClCompile Include="src\graphics_include\all_res\tile_grasslands.cpp">
      <Filter>Source Files</Filter>
    </ClCompile>
    <ClCompile Include="src\graphics_include\all_res\tile_grasslands2.cpp">
      <Filter>Source Files</Filter>
    </ClCompile>
    <ClCompile Include="src\graphics_include\all_res\tile_snowymountain.cpp">
      <Filter>Source Files</Filter>
    </ClCompile>
    <ClCompile Include="src\graphics_include\all_res\tile1.cpp">
      <Filter>Source Files</Filter>
    </ClCompile>
    <ClCompile Include="src\graphics_include\all_res\tile2.cpp">
      <Filter>Source Files</Filter>
    </ClCompile>
    <ClCompile Include="src\graphics_include\all_res\tile3.cpp">
      <Filter>Source Files</Filter>
    </ClCompile>
    <ClCompile Include="src\graphics_include\all_res\grid_384_1.cpp">
      <Filter>Source Files</Filter>
    </ClCompile>
    <ClCompile Include="src\graphics_include\all_res\grid_384_2.cpp">
      <Filter>Source Files</Filter>
    </ClCompile>
    <ClCompile Include="src\graphics_include\all_res\grid_384_3.cpp">
      <Filter>Source Files</Filter>
    </ClCompile>
    <ClCompile Include="src\graphics_include\all_res\grid_cursor_bottom_left.cpp">
      <Filter>Source Files</Filter>
    </ClCompile>
    <ClCompile Include="src\graphics_include\all_res\grid_cursor_bottom_right.cpp">
      <Filter>Source Files</Filter>
    </ClCompile>
    <ClCompile Include="src\graphics_include\all_res\grid_cursor_top_left.cpp">
      <Filter>Source Files</Filter>
    </ClCompile>
    <ClCompile Include="src\graphics_include\all_res\grid_cursor_top_right.cpp">
      <Filter>Source Files</Filter>
    </ClCompile>
    <ClCompile Include="src\graphics_include\all_res\menu_cursor.cpp">
      <Filter>Source Files</Filter>
    </ClCompile>
    <ClCompile Include="src\graphics_include\all_res\sidebar_small_1.cpp">
      <Filter>Source Files</Filter>
    </ClCompile>
    <ClCompile Include="src\graphics_include\all_res\sidebar_small_2.cpp">
      <Filter>Source Files</Filter>
    </ClCompile>
    <ClCompile Include="src\graphics_include\all_res\sidebar_small_3.cpp">
      <Filter>Source Files</Filter>
    </ClCompile>
  </ItemGroup>
  <ItemGroup>
    <ClInclude Include="src\config.h">
      <Filter>Header Files</Filter>
    </ClInclude>
    <ClInclude Include="src\game_logic.h">
      <Filter>Header Files</Filter>
    </ClInclude>
    <ClInclude Include="src\general.h">
      <Filter>Header Files</Filter>
    </ClInclude>
    <ClInclude Include="src\include.h">
      <Filter>Header Files</Filter>
    </ClInclude>
    <ClInclude Include="src\main.h">
      <Filter>Header Files</Filter>
    </ClInclude>
    <ClInclude Include="src\menu_logic.h">
      <Filter>Header Files</Filter>
    </ClInclude>
    <ClInclude Include="src\puzzleBank.h">
      <Filter>Header Files</Filter>
    </ClInclude>
    <ClInclude Include="src\shared.h">
      <Filter>Header Files</Filter>
    </ClInclude>
    <ClInclude Include="src\sound_logic.h">
      <Filter>Header Files</Filter>
    </ClInclude>
    <ClInclude Include="src\sprite_objects.h">
      <Filter>Header Files</Filter>
    </ClInclude>
    <ClInclude Include="src\sudokuGen.h">
      <Filter>Header Files</Filter>
    </ClInclude>
    <ClInclude Include="src\text_objects.h">
      <Filter>Header Files</Filter>
    </ClInclude>
    <ClInclude Include="src\transitions.h">
      <Filter>Header Files</Filter>
    </ClInclude>
    <ClInclude Include="src\window.h">
      <Filter>Header Files</Filter>
    </ClInclude>
    <ClInclude Include="resource.h">
      <Filter>Header Files</Filter>
    </ClInclude>
    <ClInclude Include="src\include_fonts.h">
      <Filter>Header Files</Filter>
    </ClInclude>
    <ClInclude Include="src\fonts_include\Commodore_Pixelized_v1_2.h">
      <Filter>Header Files</Filter>
    </ClInclude>
    <ClInclude Include="src\include_music.h">
      <Filter>Header Files</Filter>
    </ClInclude>
    <ClInclude Include="src\music_include\addicti.h">
      <Filter>Header Files</Filter>
    </ClInclude>
    <ClInclude Include="src\music_include\dgtlnnv2.h">
      <Filter>Header Files</Filter>
    </ClInclude>
    <ClInclude Include="src\music_include\electroq.h">
      <Filter>Header Files</Filter>
    </ClInclude>
    <ClInclude Include="src\music_include\insomnia.h">
      <Filter>Header Files</Filter>
    </ClInclude>
    <ClInclude Include="src\music_include\mainmenu.h">
      <Filter>Header Files</Filter>
    </ClInclude>
    <ClInclude Include="src\music_include\ontario.h">
      <Filter>Header Files</Filter>
    </ClInclude>
    <ClInclude Include="src\music_include\sudoku_padawan.h">
      <Filter>Header Files</Filter>
    </ClInclude>
    <ClInclude Include="src\include_sfx.h">
      <Filter>Header Files</Filter>
    </ClInclude>
    <ClInclude Include="src\sfx_include\coin1.h">
      <Filter>Header Files</Filter>
    </ClInclude>
    <ClInclude Include="src\graphics_include\grid_384.h">
      <Filter>Header Files</Filter>
    </ClInclude>
    <ClInclude Include="src\graphics_include\grid_cursor_bottom_left.h">
      <Filter>Header Files</Filter>
    </ClInclude>
    <ClInclude Include="src\graphics_include\grid_cursor_bottom_right.h">
      <Filter>Header Files</Filter>
    </ClInclude>
    <ClInclude Include="src\graphics_include\grid_cursor_top_left.h">
      <Filter>Header Files</Filter>
    </ClInclude>
    <ClInclude Include="src\graphics_include\grid_cursor_top_right.h">
      <Filter>Header Files</Filter>
    </ClInclude>
    <ClInclude Include="src\graphics_include\grid_mini_bottom_left.h">
      <Filter>Header Files</Filter>
    </ClInclude>
    <ClInclude Include="src\graphics_include\grid_mini_bottom_right.h">
      <Filter>Header Files</Filter>
    </ClInclude>
    <ClInclude Include="src\graphics_include\grid_mini_top_left.h">
      <Filter>Header Files</Filter>
    </ClInclude>
    <ClInclude Include="src\graphics_include\grid_mini_top_right.h">
      <Filter>Header Files</Filter>
    </ClInclude>
    <ClInclude Include="src\graphics_include\logo_240.h">
      <Filter>Header Files</Filter>
    </ClInclude>
    <ClInclude Include="src\graphics_include\logo_272.h">
      <Filter>Header Files</Filter>
    </ClInclude>
    <ClInclude Include="src\graphics_include\logo_480.h">
      <Filter>Header Files</Filter>
    </ClInclude>
    <ClInclude Include="src\graphics_include\logo_544.h">
      <Filter>Header Files</Filter>
    </ClInclude>
    <ClInclude Include="src\graphics_include\logo_720.h">
      <Filter>Header Files</Filter>
    </ClInclude>
    <ClInclude Include="src\graphics_include\logo_1080.h">
      <Filter>Header Files</Filter>
    </ClInclude>
    <ClInclude Include="src\graphics_include\logo_1440.h">
      <Filter>Header Files</Filter>
    </ClInclude>
    <ClInclude Include="src\graphics_include\logo_2160.h">
      <Filter>Header Files</Filter>
    </ClInclude>
    <ClInclude Include="src\graphics_include\menu_cursor.h">
      <Filter>Header Files</Filter>
    </ClInclude>
    <ClInclude Include="src\graphics_include\sidebar_small.h">
      <Filter>Header Files</Filter>
    </ClInclude>
    <ClInclude Include="src\graphics_include\tile1.h">
      <Filter>Header Files</Filter>
    </ClInclude>
    <ClInclude Include="src\include_graphics.h">
      <Filter>Header Files</Filter>
    </ClInclude>
    <ClInclude Include="src\music_include\ancient_days_.h">
      <Filter>Header Files</Filter>
    </ClInclude>
    <ClInclude Include="src\graphics_include\tile_cave.h">
      <Filter>Header Files</Filter>
    </ClInclude>
    <ClInclude Include="src\graphics_include\tile_desert.h">
      <Filter>Header Files</Filter>
    </ClInclude>
    <ClInclude Include="src\graphics_include\tile_grasslands.h">
      <Filter>Header Files</Filter>
    </ClInclude>
    <ClInclude Include="src\graphics_include\tile_grasslands2.h">
      <Filter>Header Files</Filter>
    </ClInclude>
    <ClInclude Include="src\graphics_include\tile_snowymountain.h">
      <Filter>Header Files</Filter>
    </ClInclude>
    <ClInclude Include="src\graphics_include\tile2.h">
      <Filter>Header Files</Filter>
    </ClInclude>
    <ClInclude Include="src\graphics_include\tile3.h">
      <Filter>Header Files</Filter>
    </ClInclude>
    <ClInclude Include="src\graphics_include\all_res\grid_384_1.h">
      <Filter>Header Files</Filter>
    </ClInclude>
    <ClInclude Include="src\graphics_include\all_res\grid_384_2.h">
      <Filter>Header Files</Filter>
    </ClInclude>
    <ClInclude Include="src\graphics_include\all_res\grid_384_3.h">
      <Filter>Header Files</Filter>
    </ClInclude>
    <ClInclude Include="src\graphics_include\all_res\grid_cursor_bottom_left.h">
      <Filter>Header Files</Filter>
    </ClInclude>
    <ClInclude Include="src\graphics_include\all_res\grid_cursor_bottom_right.h">
      <Filter>Header Files</Filter>
    </ClInclude>
    <ClInclude Include="src\graphics_include\all_res\grid_cursor_top_left.h">
      <Filter>Header Files</Filter>
    </ClInclude>
    <ClInclude Include="src\graphics_include\all_res\grid_cursor_top_right.h">
      <Filter>Header Files</Filter>
    </ClInclude>
    <ClInclude Include="src\graphics_include\normal_res\grid_mini_bottom_left.h">
      <Filter>Header Files</Filter>
    </ClInclude>
    <ClInclude Include="src\graphics_include\normal_res\grid_mini_bottom_right.h">
      <Filter>Header Files</Filter>
    </ClInclude>
    <ClInclude Include="src\graphics_include\normal_res\grid_mini_top_left.h">
      <Filter>Header Files</Filter>
    </ClInclude>
    <ClInclude Include="src\graphics_include\normal_res\grid_mini_top_right.h">
      <Filter>Header Files</Filter>
    </ClInclude>
    <ClInclude Include="src\graphics_include\normal_res\logo_272.h">
      <Filter>Header Files</Filter>
    </ClInclude>
    <ClInclude Include="src\graphics_include\normal_res\logo_480.h">
      <Filter>Header Files</Filter>
    </ClInclude>
    <ClInclude Include="src\graphics_include\normal_res\logo_544.h">
      <Filter>Header Files</Filter>
    </ClInclude>
    <ClInclude Include="src\graphics_include\normal_res\logo_720.h">
      <Filter>Header Files</Filter>
    </ClInclude>
    <ClInclude Include="src\graphics_include\normal_res\logo_1080.h">
      <Filter>Header Files</Filter>
    </ClInclude>
    <ClInclude Include="src\graphics_include\normal_res\logo_1440.h">
      <Filter>Header Files</Filter>
    </ClInclude>
    <ClInclude Include="src\graphics_include\normal_res\logo_2160.h">
      <Filter>Header Files</Filter>
    </ClInclude>
    <ClInclude Include="src\graphics_include\all_res\menu_cursor.h">
      <Filter>Header Files</Filter>
    </ClInclude>
    <ClInclude Include="src\graphics_include\all_res\logo_240.h">
      <Filter>Header Files</Filter>
    </ClInclude>
    <ClInclude Include="src\graphics_include\all_res\tile_cave.h">
      <Filter>Header Files</Filter>
    </ClInclude>
    <ClInclude Include="src\graphics_include\all_res\tile_desert.h">
      <Filter>Header Files</Filter>
    </ClInclude>
    <ClInclude Include="src\graphics_include\all_res\tile_grasslands.h">
      <Filter>Header Files</Filter>
    </ClInclude>
    <ClInclude Include="src\graphics_include\all_res\tile_grasslands2.h">
      <Filter>Header Files</Filter>
    </ClInclude>
    <ClInclude Include="src\graphics_include\all_res\tile_snowymountain.h">
      <Filter>Header Files</Filter>
    </ClInclude>
    <ClInclude Include="src\graphics_include\all_res\tile1.h">
      <Filter>Header Files</Filter>
    </ClInclude>
    <ClInclude Include="src\graphics_include\all_res\tile2.h">
      <Filter>Header Files</Filter>
    </ClInclude>
    <ClInclude Include="src\graphics_include\all_res\tile3.h">
      <Filter>Header Files</Filter>
    </ClInclude>
    <ClInclude Include="src\graphics_include\all_res\sidebar_small_1.h">
      <Filter>Header Files</Filter>
    </ClInclude>
    <ClInclude Include="src\graphics_include\all_res\sidebar_small_2.h">
      <Filter>Header Files</Filter>
    </ClInclude>
    <ClInclude Include="src\graphics_include\all_res\sidebar_small_3.h">
      <Filter>Header Files</Filter>
    </ClInclude>
  </ItemGroup>
  <ItemGroup>
    <ResourceCompile Include="SuDokuLVS2019.rc">
      <Filter>Resource Files</Filter>
    </ResourceCompile>
  </ItemGroup>
  <ItemGroup>
    <Image Include="logo_icon_pc.ico">
      <Filter>Resource Files</Filter>
    </Image>
  </ItemGroup>
</Project>